
Microsoft Visual Studio Solution File, Format Version 12.00
# Visual Studio Version 17
VisualStudioVersion = 17.7.34221.43
MinimumVisualStudioVersion = 10.0.40219.1
Project("{2150E333-8FDC-42A3-9474-1A3956D46DE8}") = "Games", "Games", "{8872FA6C-159A-402D-A66D-C62C25C1BEE5}"
EndProject
Project("{2150E333-8FDC-42A3-9474-1A3956D46DE8}") = "SlotFramework", "SlotFramework", "{9CDD66A3-00E2-46C3-BD86-83EC45ECAE95}"
EndProject
Project("{8BC9CEB8-8B4A-11D0-8D11-00A0C91BC942}") = "mathsim", "mathsim\mathsim.vcxproj", "{1A336FD3-98F9-4115-9574-E9FD220192EF}"
EndProject
Project("{8BC9CEB8-8B4A-11D0-8D11-00A0C91BC942}") = "Common", "SlotFramework\Common\Common.vcxproj", "{53A5E7E5-FC67-43A6-94BB-6C38BB19CB7A}"
EndProject
Project("{8BC9CEB8-8B4A-11D0-8D11-00A0C91BC942}") = "MathXML", "SlotFramework\MathXML\MathXML.vcxproj", "{18A9462E-2DA3-444F-A584-E8C37878D837}"
EndProject
Project("{8BC9CEB8-8B4A-11D0-8D11-00A0C91BC942}") = "Paytable", "SlotFramework\Paytable\Paytable.vcxproj", "{F80AD67F-9AAD-465B-A1D7-A5DA88CD6D2D}"
EndProject
Project("{8BC9CEB8-8B4A-11D0-8D11-00A0C91BC942}") = "Slot", "SlotFramework\Slot\Slot.vcxproj", "{16880943-09B5-4293-9FA7-C198C503C781}"
EndProject
Project("{8BC9CEB8-8B4A-11D0-8D11-00A0C91BC942}") = "ExampleGame", "Games\ExampleGame\source\ExampleGame.vcxproj", "{C66006AD-6BAC-478E-A212-3A3802163A7F}"
EndProject
Global
	GlobalSection(SolutionConfigurationPlatforms) = preSolution
		Debug|x64 = Debug|x64
		Debug|x86 = Debug|x86
		Release|x64 = Release|x64
		Release|x86 = Release|x86
	EndGlobalSection
	GlobalSection(ProjectConfigurationPlatforms) = postSolution
		{1A336FD3-98F9-4115-9574-E9FD220192EF}.Debug|x64.ActiveCfg = Debug|x64
		{1A336FD3-98F9-4115-9574-E9FD220192EF}.Debug|x64.Build.0 = Debug|x64
		{1A336FD3-98F9-4115-9574-E9FD220192EF}.Debug|x86.ActiveCfg = Debug|Win32
		{1A336FD3-98F9-4115-9574-E9FD220192EF}.Debug|x86.Build.0 = Debug|Win32
		{1A336FD3-98F9-4115-9574-E9FD220192EF}.Release|x64.ActiveCfg = Release|x64
		{1A336FD3-98F9-4115-9574-E9FD220192EF}.Release|x64.Build.0 = Release|x64
		{1A336FD3-98F9-4115-9574-E9FD220192EF}.Release|x86.ActiveCfg = Release|Win32
		{1A336FD3-98F9-4115-9574-E9FD220192EF}.Release|x86.Build.0 = Release|Win32
		{53A5E7E5-FC67-43A6-94BB-6C38BB19CB7A}.Debug|x64.ActiveCfg = Debug|x64
		{53A5E7E5-FC67-43A6-94BB-6C38BB19CB7A}.Debug|x64.Build.0 = Debug|x64
		{53A5E7E5-FC67-43A6-94BB-6C38BB19CB7A}.Debug|x86.ActiveCfg = Debug|Win32
		{53A5E7E5-FC67-43A6-94BB-6C38BB19CB7A}.Debug|x86.Build.0 = Debug|Win32
		{53A5E7E5-FC67-43A6-94BB-6C38BB19CB7A}.Release|x64.ActiveCfg = Release|x64
		{53A5E7E5-FC67-43A6-94BB-6C38BB19CB7A}.Release|x64.Build.0 = Release|x64
		{53A5E7E5-FC67-43A6-94BB-6C38BB19CB7A}.Release|x86.ActiveCfg = Release|Win32
		{53A5E7E5-FC67-43A6-94BB-6C38BB19CB7A}.Release|x86.Build.0 = Release|Win32
		{18A9462E-2DA3-444F-A584-E8C37878D837}.Debug|x64.ActiveCfg = Debug|x64
		{18A9462E-2DA3-444F-A584-E8C37878D837}.Debug|x64.Build.0 = Debug|x64
		{18A9462E-2DA3-444F-A584-E8C37878D837}.Debug|x86.ActiveCfg = Debug|Win32
		{18A9462E-2DA3-444F-A584-E8C37878D837}.Debug|x86.Build.0 = Debug|Win32
		{18A9462E-2DA3-444F-A584-E8C37878D837}.Release|x64.ActiveCfg = Release|x64
		{18A9462E-2DA3-444F-A584-E8C37878D837}.Release|x64.Build.0 = Release|x64
		{18A9462E-2DA3-444F-A584-E8C37878D837}.Release|x86.ActiveCfg = Release|Win32
		{18A9462E-2DA3-444F-A584-E8C37878D837}.Release|x86.Build.0 = Release|Win32
		{F80AD67F-9AAD-465B-A1D7-A5DA88CD6D2D}.Debug|x64.ActiveCfg = Debug|x64
		{F80AD67F-9AAD-465B-A1D7-A5DA88CD6D2D}.Debug|x64.Build.0 = Debug|x64
		{F80AD67F-9AAD-465B-A1D7-A5DA88CD6D2D}.Debug|x86.ActiveCfg = Debug|Win32
		{F80AD67F-9AAD-465B-A1D7-A5DA88CD6D2D}.Debug|x86.Build.0 = Debug|Win32
		{F80AD67F-9AAD-465B-A1D7-A5DA88CD6D2D}.Release|x64.ActiveCfg = Release|x64
		{F80AD67F-9AAD-465B-A1D7-A5DA88CD6D2D}.Release|x64.Build.0 = Release|x64
		{F80AD67F-9AAD-465B-A1D7-A5DA88CD6D2D}.Release|x86.ActiveCfg = Release|Win32
		{F80AD67F-9AAD-465B-A1D7-A5DA88CD6D2D}.Release|x86.Build.0 = Release|Win32
		{16880943-09B5-4293-9FA7-C198C503C781}.Debug|x64.ActiveCfg = Debug|x64
		{16880943-09B5-4293-9FA7-C198C503C781}.Debug|x64.Build.0 = Debug|x64
		{16880943-09B5-4293-9FA7-C198C503C781}.Debug|x86.ActiveCfg = Debug|Win32
		{16880943-09B5-4293-9FA7-C198C503C781}.Debug|x86.Build.0 = Debug|Win32
		{16880943-09B5-4293-9FA7-C198C503C781}.Release|x64.ActiveCfg = Release|x64
		{16880943-09B5-4293-9FA7-C198C503C781}.Release|x64.Build.0 = Release|x64
		{16880943-09B5-4293-9FA7-C198C503C781}.Release|x86.ActiveCfg = Release|Win32
		{16880943-09B5-4293-9FA7-C198C503C781}.Release|x86.Build.0 = Release|Win32
		{C66006AD-6BAC-478E-A212-3A3802163A7F}.Debug|x64.ActiveCfg = Debug|x64
		{C66006AD-6BAC-478E-A212-3A3802163A7F}.Debug|x64.Build.0 = Debug|x64
		{C66006AD-6BAC-478E-A212-3A3802163A7F}.Debug|x86.ActiveCfg = Debug|Win32
		{C66006AD-6BAC-478E-A212-3A3802163A7F}.Debug|x86.Build.0 = Debug|Win32
		{C66006AD-6BAC-478E-A212-3A3802163A7F}.Release|x64.ActiveCfg = Release|x64
		{C66006AD-6BAC-478E-A212-3A3802163A7F}.Release|x64.Build.0 = Release|x64
		{C66006AD-6BAC-478E-A212-3A3802163A7F}.Release|x86.ActiveCfg = Release|Win32
		{C66006AD-6BAC-478E-A212-3A3802163A7F}.Release|x86.Build.0 = Release|Win32
	EndGlobalSection
	GlobalSection(SolutionProperties) = preSolution
		HideSolutionNode = FALSE
	EndGlobalSection
	GlobalSection(NestedProjects) = preSolution
		{53A5E7E5-FC67-43A6-94BB-6C38BB19CB7A} = {9CDD66A3-00E2-46C3-BD86-83EC45ECAE95}
		{18A9462E-2DA3-444F-A584-E8C37878D837} = {9CDD66A3-00E2-46C3-BD86-83EC45ECAE95}
		{F80AD67F-9AAD-465B-A1D7-A5DA88CD6D2D} = {9CDD66A3-00E2-46C3-BD86-83EC45ECAE95}
		{16880943-09B5-4293-9FA7-C198C503C781} = {9CDD66A3-00E2-46C3-BD86-83EC45ECAE95}
		{C66006AD-6BAC-478E-A212-3A3802163A7F} = {8872FA6C-159A-402D-A66D-C62C25C1BEE5}
	EndGlobalSection
	GlobalSection(ExtensibilityGlobals) = postSolution
		SolutionGuid = {B56AAF09-44C1-4CCD-BC7D-77733225E7A1}
	EndGlobalSection
EndGlobal
