<?xml version="1.0" encoding="utf-8"?>
<Project ToolsVersion="4.0" xmlns="http://schemas.microsoft.com/developer/msbuild/2003">
  <ItemGroup>
    <ClCompile Include="General.cpp" />
    <ClCompile Include="SlotGrid.cpp" />
    <ClCompile Include="SlotReels.cpp" />
    <ClCompile Include="SymbolSet.cpp" />
    <ClCompile Include="WeightTable.cpp" />
  </ItemGroup>
  <ItemGroup>
    <ClInclude Include="General.h" />
    <ClInclude Include="SlotGrid.h" />
    <ClInclude Include="SlotReels.h" />
    <ClInclude Include="SymbolSet.h" />
    <ClInclude Include="WeightTable.h" />
  </ItemGroup>
</Project>